
Microsoft Visual Studio Solution File, Format Version 12.00
# Visual Studio Version 17
VisualStudioVersion = 17.0.32126.317
MinimumVisualStudioVersion = 10.0.40219.1
Project("{FAE04EC0-301F-11D3-BF4B-00C04F79EFBC}") = "WinFormsApp1", "WinFormsApp1\WinFormsApp1.csproj", "{53F0A432-3718-4961-B5A2-E93CC9BF6D16}"
EndProject
Global
	GlobalSection(SolutionConfigurationPlatforms) = preSolution
		Debug|Any CPU = Debug|Any CPU
		Release|Any CPU = Release|Any CPU
	EndGlobalSection
	GlobalSection(ProjectConfigurationPlatforms) = postSolution
		{53F0A432-3718-4961-B5A2-E93CC9BF6D16}.Debug|Any CPU.ActiveCfg = Release|Any CPU
		{53F0A432-3718-4961-B5A2-E93CC9BF6D16}.Debug|Any CPU.Build.0 = Release|Any CPU
		{53F0A432-3718-4961-B5A2-E93CC9BF6D16}.Release|Any CPU.ActiveCfg = Release|Any CPU
		{53F0A432-3718-4961-B5A2-E93CC9BF6D16}.Release|Any CPU.Build.0 = Release|Any CPU
	EndGlobalSection
	GlobalSection(SolutionProperties) = preSolution
		HideSolutionNode = FALSE
	EndGlobalSection
	GlobalSection(ExtensibilityGlobals) = postSolution
		SolutionGuid = {980477C0-83D8-433A-93B8-3C8899AD1F42}
	EndGlobalSection
EndGlobal
